
Microsoft Visual Studio Solution File, Format Version 12.00
# Visual Studio 15
VisualStudioVersion = 15.0.27428.2037
MinimumVisualStudioVersion = 10.0.40219.1
Project("{FAE04EC0-301F-11D3-BF4B-00C04F79EFBC}") = "wx_site", "wx_site\wx_site.csproj", "{8D6E5567-0384-4B44-AA2E-AFF79A1904EA}"
EndProject
Project("{FAE04EC0-301F-11D3-BF4B-00C04F79EFBC}") = "wx_api", "wx_api\wx_api.csproj", "{36973470-D861-414E-B072-6FAF3F0261C9}"
EndProject
Global
	GlobalSection(SolutionConfigurationPlatforms) = preSolution
		Debug|Any CPU = Debug|Any CPU
		Release|Any CPU = Release|Any CPU
	EndGlobalSection
	GlobalSection(ProjectConfigurationPlatforms) = postSolution
		{8D6E5567-0384-4B44-AA2E-AFF79A1904EA}.Debug|Any CPU.ActiveCfg = Debug|Any CPU
		{8D6E5567-0384-4B44-AA2E-AFF79A1904EA}.Debug|Any CPU.Build.0 = Debug|Any CPU
		{8D6E5567-0384-4B44-AA2E-AFF79A1904EA}.Release|Any CPU.ActiveCfg = Release|Any CPU
		{8D6E5567-0384-4B44-AA2E-AFF79A1904EA}.Release|Any CPU.Build.0 = Release|Any CPU
		{36973470-D861-414E-B072-6FAF3F0261C9}.Debug|Any CPU.ActiveCfg = Debug|Any CPU
		{36973470-D861-414E-B072-6FAF3F0261C9}.Debug|Any CPU.Build.0 = Debug|Any CPU
		{36973470-D861-414E-B072-6FAF3F0261C9}.Release|Any CPU.ActiveCfg = Release|Any CPU
		{36973470-D861-414E-B072-6FAF3F0261C9}.Release|Any CPU.Build.0 = Release|Any CPU
	EndGlobalSection
	GlobalSection(SolutionProperties) = preSolution
		HideSolutionNode = FALSE
	EndGlobalSection
	GlobalSection(ExtensibilityGlobals) = postSolution
		SolutionGuid = {6D0BDB40-1E20-414E-9C6C-AB4EBEE03871}
	EndGlobalSection
EndGlobal
